
Microsoft Visual Studio Solution File, Format Version 12.00
# Visual Studio 15
VisualStudioVersion = 15.0.26730.8
MinimumVisualStudioVersion = 10.0.40219.1
Project("{FAE04EC0-301F-11D3-BF4B-00C04F79EFBC}") = "AluracarPCL.Android", "AluracarPCL\AluracarPCL.Android\AluracarPCL.Android.csproj", "{F1720935-55E7-45D1-9101-990EE7DBADDD}"
EndProject
Project("{FAE04EC0-301F-11D3-BF4B-00C04F79EFBC}") = "AluracarPCL", "AluracarPCL\AluracarPCL\AluracarPCL.csproj", "{780FEEF9-AE69-4C0B-85FF-2233CCABEAFA}"
EndProject
Project("{FAE04EC0-301F-11D3-BF4B-00C04F79EFBC}") = "AluracarPCL.UWP", "AluracarPCL\AluracarPCL.UWP\AluracarPCL.UWP.csproj", "{899B88B8-3863-4CAA-AD61-54A1C04C3037}"
EndProject
Project("{FAE04EC0-301F-11D3-BF4B-00C04F79EFBC}") = "AluracarPCL.iOS", "AluracarPCL\AluracarPCL.iOS\AluracarPCL.iOS.csproj", "{ED8FB063-98C7-47C2-8C3C-DF33A924DBB5}"
EndProject
Global
	GlobalSection(SolutionConfigurationPlatforms) = preSolution
		Ad-Hoc|Any CPU = Ad-Hoc|Any CPU
		Ad-Hoc|ARM = Ad-Hoc|ARM
		Ad-Hoc|iPhone = Ad-Hoc|iPhone
		Ad-Hoc|iPhoneSimulator = Ad-Hoc|iPhoneSimulator
		Ad-Hoc|x64 = Ad-Hoc|x64
		Ad-Hoc|x86 = Ad-Hoc|x86
		AppStore|Any CPU = AppStore|Any CPU
		AppStore|ARM = AppStore|ARM
		AppStore|iPhone = AppStore|iPhone
		AppStore|iPhoneSimulator = AppStore|iPhoneSimulator
		AppStore|x64 = AppStore|x64
		AppStore|x86 = AppStore|x86
		Debug|Any CPU = Debug|Any CPU
		Debug|ARM = Debug|ARM
		Debug|iPhone = Debug|iPhone
		Debug|iPhoneSimulator = Debug|iPhoneSimulator
		Debug|x64 = Debug|x64
		Debug|x86 = Debug|x86
		Release|Any CPU = Release|Any CPU
		Release|ARM = Release|ARM
		Release|iPhone = Release|iPhone
		Release|iPhoneSimulator = Release|iPhoneSimulator
		Release|x64 = Release|x64
		Release|x86 = Release|x86
	EndGlobalSection
	GlobalSection(ProjectConfigurationPlatforms) = postSolution
		{F1720935-55E7-45D1-9101-990EE7DBADDD}.Ad-Hoc|Any CPU.ActiveCfg = Release|Any CPU
		{F1720935-55E7-45D1-9101-990EE7DBADDD}.Ad-Hoc|Any CPU.Build.0 = Release|Any CPU
		{F1720935-55E7-45D1-9101-990EE7DBADDD}.Ad-Hoc|Any CPU.Deploy.0 = Release|Any CPU
		{F1720935-55E7-45D1-9101-990EE7DBADDD}.Ad-Hoc|ARM.ActiveCfg = Release|Any CPU
		{F1720935-55E7-45D1-9101-990EE7DBADDD}.Ad-Hoc|ARM.Build.0 = Release|Any CPU
		{F1720935-55E7-45D1-9101-990EE7DBADDD}.Ad-Hoc|ARM.Deploy.0 = Release|Any CPU
		{F1720935-55E7-45D1-9101-990EE7DBADDD}.Ad-Hoc|iPhone.ActiveCfg = Release|Any CPU
		{F1720935-55E7-45D1-9101-990EE7DBADDD}.Ad-Hoc|iPhone.Build.0 = Release|Any CPU
		{F1720935-55E7-45D1-9101-990EE7DBADDD}.Ad-Hoc|iPhone.Deploy.0 = Release|Any CPU
		{F1720935-55E7-45D1-9101-990EE7DBADDD}.Ad-Hoc|iPhoneSimulator.ActiveCfg = Release|Any CPU
		{F1720935-55E7-45D1-9101-990EE7DBADDD}.Ad-Hoc|iPhoneSimulator.Build.0 = Release|Any CPU
		{F1720935-55E7-45D1-9101-990EE7DBADDD}.Ad-Hoc|iPhoneSimulator.Deploy.0 = Release|Any CPU
		{F1720935-55E7-45D1-9101-990EE7DBADDD}.Ad-Hoc|x64.ActiveCfg = Release|Any CPU
		{F1720935-55E7-45D1-9101-990EE7DBADDD}.Ad-Hoc|x64.Build.0 = Release|Any CPU
		{F1720935-55E7-45D1-9101-990EE7DBADDD}.Ad-Hoc|x64.Deploy.0 = Release|Any CPU
		{F1720935-55E7-45D1-9101-990EE7DBADDD}.Ad-Hoc|x86.ActiveCfg = Release|Any CPU
		{F1720935-55E7-45D1-9101-990EE7DBADDD}.Ad-Hoc|x86.Build.0 = Release|Any CPU
		{F1720935-55E7-45D1-9101-990EE7DBADDD}.Ad-Hoc|x86.Deploy.0 = Release|Any CPU
		{F1720935-55E7-45D1-9101-990EE7DBADDD}.AppStore|Any CPU.ActiveCfg = Release|Any CPU
		{F1720935-55E7-45D1-9101-990EE7DBADDD}.AppStore|Any CPU.Build.0 = Release|Any CPU
		{F1720935-55E7-45D1-9101-990EE7DBADDD}.AppStore|Any CPU.Deploy.0 = Release|Any CPU
		{F1720935-55E7-45D1-9101-990EE7DBADDD}.AppStore|ARM.ActiveCfg = Release|Any CPU
		{F1720935-55E7-45D1-9101-990EE7DBADDD}.AppStore|ARM.Build.0 = Release|Any CPU
		{F1720935-55E7-45D1-9101-990EE7DBADDD}.AppStore|ARM.Deploy.0 = Release|Any CPU
		{F1720935-55E7-45D1-9101-990EE7DBADDD}.AppStore|iPhone.ActiveCfg = Release|Any CPU
		{F1720935-55E7-45D1-9101-990EE7DBADDD}.AppStore|iPhone.Build.0 = Release|Any CPU
		{F1720935-55E7-45D1-9101-990EE7DBADDD}.AppStore|iPhone.Deploy.0 = Release|Any CPU
		{F1720935-55E7-45D1-9101-990EE7DBADDD}.AppStore|iPhoneSimulator.ActiveCfg = Release|Any CPU
		{F1720935-55E7-45D1-9101-990EE7DBADDD}.AppStore|iPhoneSimulator.Build.0 = Release|Any CPU
		{F1720935-55E7-45D1-9101-990EE7DBADDD}.AppStore|iPhoneSimulator.Deploy.0 = Release|Any CPU
		{F1720935-55E7-45D1-9101-990EE7DBADDD}.AppStore|x64.ActiveCfg = Release|Any CPU
		{F1720935-55E7-45D1-9101-990EE7DBADDD}.AppStore|x64.Build.0 = Release|Any CPU
		{F1720935-55E7-45D1-9101-990EE7DBADDD}.AppStore|x64.Deploy.0 = Release|Any CPU
		{F1720935-55E7-45D1-9101-990EE7DBADDD}.AppStore|x86.ActiveCfg = Release|Any CPU
		{F1720935-55E7-45D1-9101-990EE7DBADDD}.AppStore|x86.Build.0 = Release|Any CPU
		{F1720935-55E7-45D1-9101-990EE7DBADDD}.AppStore|x86.Deploy.0 = Release|Any CPU
		{F1720935-55E7-45D1-9101-990EE7DBADDD}.Debug|Any CPU.ActiveCfg = Debug|Any CPU
		{F1720935-55E7-45D1-9101-990EE7DBADDD}.Debug|Any CPU.Build.0 = Debug|Any CPU
		{F1720935-55E7-45D1-9101-990EE7DBADDD}.Debug|Any CPU.Deploy.0 = Debug|Any CPU
		{F1720935-55E7-45D1-9101-990EE7DBADDD}.Debug|ARM.ActiveCfg = Debug|Any CPU
		{F1720935-55E7-45D1-9101-990EE7DBADDD}.Debug|ARM.Build.0 = Debug|Any CPU
		{F1720935-55E7-45D1-9101-990EE7DBADDD}.Debug|ARM.Deploy.0 = Debug|Any CPU
		{F1720935-55E7-45D1-9101-990EE7DBADDD}.Debug|iPhone.ActiveCfg = Debug|Any CPU
		{F1720935-55E7-45D1-9101-990EE7DBADDD}.Debug|iPhone.Build.0 = Debug|Any CPU
		{F1720935-55E7-45D1-9101-990EE7DBADDD}.Debug|iPhone.Deploy.0 = Debug|Any CPU
		{F1720935-55E7-45D1-9101-990EE7DBADDD}.Debug|iPhoneSimulator.ActiveCfg = Debug|Any CPU
		{F1720935-55E7-45D1-9101-990EE7DBADDD}.Debug|iPhoneSimulator.Build.0 = Debug|Any CPU
		{F1720935-55E7-45D1-9101-990EE7DBADDD}.Debug|iPhoneSimulator.Deploy.0 = Debug|Any CPU
		{F1720935-55E7-45D1-9101-990EE7DBADDD}.Debug|x64.ActiveCfg = Debug|Any CPU
		{F1720935-55E7-45D1-9101-990EE7DBADDD}.Debug|x64.Build.0 = Debug|Any CPU
		{F1720935-55E7-45D1-9101-990EE7DBADDD}.Debug|x64.Deploy.0 = Debug|Any CPU
		{F1720935-55E7-45D1-9101-990EE7DBADDD}.Debug|x86.ActiveCfg = Debug|Any CPU
		{F1720935-55E7-45D1-9101-990EE7DBADDD}.Debug|x86.Build.0 = Debug|Any CPU
		{F1720935-55E7-45D1-9101-990EE7DBADDD}.Debug|x86.Deploy.0 = Debug|Any CPU
		{F1720935-55E7-45D1-9101-990EE7DBADDD}.Release|Any CPU.ActiveCfg = Release|Any CPU
		{F1720935-55E7-45D1-9101-990EE7DBADDD}.Release|Any CPU.Build.0 = Release|Any CPU
		{F1720935-55E7-45D1-9101-990EE7DBADDD}.Release|Any CPU.Deploy.0 = Release|Any CPU
		{F1720935-55E7-45D1-9101-990EE7DBADDD}.Release|ARM.ActiveCfg = Release|Any CPU
		{F1720935-55E7-45D1-9101-990EE7DBADDD}.Release|ARM.Build.0 = Release|Any CPU
		{F1720935-55E7-45D1-9101-990EE7DBADDD}.Release|ARM.Deploy.0 = Release|Any CPU
		{F1720935-55E7-45D1-9101-990EE7DBADDD}.Release|iPhone.ActiveCfg = Release|Any CPU
		{F1720935-55E7-45D1-9101-990EE7DBADDD}.Release|iPhone.Build.0 = Release|Any CPU
		{F1720935-55E7-45D1-9101-990EE7DBADDD}.Release|iPhone.Deploy.0 = Release|Any CPU
		{F1720935-55E7-45D1-9101-990EE7DBADDD}.Release|iPhoneSimulator.ActiveCfg = Release|Any CPU
		{F1720935-55E7-45D1-9101-990EE7DBADDD}.Release|iPhoneSimulator.Build.0 = Release|Any CPU
		{F1720935-55E7-45D1-9101-990EE7DBADDD}.Release|iPhoneSimulator.Deploy.0 = Release|Any CPU
		{F1720935-55E7-45D1-9101-990EE7DBADDD}.Release|x64.ActiveCfg = Release|Any CPU
		{F1720935-55E7-45D1-9101-990EE7DBADDD}.Release|x64.Build.0 = Release|Any CPU
		{F1720935-55E7-45D1-9101-990EE7DBADDD}.Release|x64.Deploy.0 = Release|Any CPU
		{F1720935-55E7-45D1-9101-990EE7DBADDD}.Release|x86.ActiveCfg = Release|Any CPU
		{F1720935-55E7-45D1-9101-990EE7DBADDD}.Release|x86.Build.0 = Release|Any CPU
		{F1720935-55E7-45D1-9101-990EE7DBADDD}.Release|x86.Deploy.0 = Release|Any CPU
		{780FEEF9-AE69-4C0B-85FF-2233CCABEAFA}.Ad-Hoc|Any CPU.ActiveCfg = Release|Any CPU
		{780FEEF9-AE69-4C0B-85FF-2233CCABEAFA}.Ad-Hoc|Any CPU.Build.0 = Release|Any CPU
		{780FEEF9-AE69-4C0B-85FF-2233CCABEAFA}.Ad-Hoc|ARM.ActiveCfg = Release|Any CPU
		{780FEEF9-AE69-4C0B-85FF-2233CCABEAFA}.Ad-Hoc|ARM.Build.0 = Release|Any CPU
		{780FEEF9-AE69-4C0B-85FF-2233CCABEAFA}.Ad-Hoc|iPhone.ActiveCfg = Release|Any CPU
		{780FEEF9-AE69-4C0B-85FF-2233CCABEAFA}.Ad-Hoc|iPhone.Build.0 = Release|Any CPU
		{780FEEF9-AE69-4C0B-85FF-2233CCABEAFA}.Ad-Hoc|iPhoneSimulator.ActiveCfg = Release|Any CPU
		{780FEEF9-AE69-4C0B-85FF-2233CCABEAFA}.Ad-Hoc|iPhoneSimulator.Build.0 = Release|Any CPU
		{780FEEF9-AE69-4C0B-85FF-2233CCABEAFA}.Ad-Hoc|x64.ActiveCfg = Release|Any CPU
		{780FEEF9-AE69-4C0B-85FF-2233CCABEAFA}.Ad-Hoc|x64.Build.0 = Release|Any CPU
		{780FEEF9-AE69-4C0B-85FF-2233CCABEAFA}.Ad-Hoc|x86.ActiveCfg = Release|Any CPU
		{780FEEF9-AE69-4C0B-85FF-2233CCABEAFA}.Ad-Hoc|x86.Build.0 = Release|Any CPU
		{780FEEF9-AE69-4C0B-85FF-2233CCABEAFA}.AppStore|Any CPU.ActiveCfg = Release|Any CPU
		{780FEEF9-AE69-4C0B-85FF-2233CCABEAFA}.AppStore|Any CPU.Build.0 = Release|Any CPU
		{780FEEF9-AE69-4C0B-85FF-2233CCABEAFA}.AppStore|ARM.ActiveCfg = Release|Any CPU
		{780FEEF9-AE69-4C0B-85FF-2233CCABEAFA}.AppStore|ARM.Build.0 = Release|Any CPU
		{780FEEF9-AE69-4C0B-85FF-2233CCABEAFA}.AppStore|iPhone.ActiveCfg = Release|Any CPU
		{780FEEF9-AE69-4C0B-85FF-2233CCABEAFA}.AppStore|iPhone.Build.0 = Release|Any CPU
		{780FEEF9-AE69-4C0B-85FF-2233CCABEAFA}.AppStore|iPhoneSimulator.ActiveCfg = Release|Any CPU
		{780FEEF9-AE69-4C0B-85FF-2233CCABEAFA}.AppStore|iPhoneSimulator.Build.0 = Release|Any CPU
		{780FEEF9-AE69-4C0B-85FF-2233CCABEAFA}.AppStore|x64.ActiveCfg = Release|Any CPU
		{780FEEF9-AE69-4C0B-85FF-2233CCABEAFA}.AppStore|x64.Build.0 = Release|Any CPU
		{780FEEF9-AE69-4C0B-85FF-2233CCABEAFA}.AppStore|x86.ActiveCfg = Release|Any CPU
		{780FEEF9-AE69-4C0B-85FF-2233CCABEAFA}.AppStore|x86.Build.0 = Release|Any CPU
		{780FEEF9-AE69-4C0B-85FF-2233CCABEAFA}.Debug|Any CPU.ActiveCfg = Debug|Any CPU
		{780FEEF9-AE69-4C0B-85FF-2233CCABEAFA}.Debug|Any CPU.Build.0 = Debug|Any CPU
		{780FEEF9-AE69-4C0B-85FF-2233CCABEAFA}.Debug|ARM.ActiveCfg = Debug|Any CPU
		{780FEEF9-AE69-4C0B-85FF-2233CCABEAFA}.Debug|ARM.Build.0 = Debug|Any CPU
		{780FEEF9-AE69-4C0B-85FF-2233CCABEAFA}.Debug|iPhone.ActiveCfg = Debug|Any CPU
		{780FEEF9-AE69-4C0B-85FF-2233CCABEAFA}.Debug|iPhone.Build.0 = Debug|Any CPU
		{780FEEF9-AE69-4C0B-85FF-2233CCABEAFA}.Debug|iPhoneSimulator.ActiveCfg = Debug|Any CPU
		{780FEEF9-AE69-4C0B-85FF-2233CCABEAFA}.Debug|iPhoneSimulator.Build.0 = Debug|Any CPU
		{780FEEF9-AE69-4C0B-85FF-2233CCABEAFA}.Debug|x64.ActiveCfg = Debug|Any CPU
		{780FEEF9-AE69-4C0B-85FF-2233CCABEAFA}.Debug|x64.Build.0 = Debug|Any CPU
		{780FEEF9-AE69-4C0B-85FF-2233CCABEAFA}.Debug|x86.ActiveCfg = Debug|Any CPU
		{780FEEF9-AE69-4C0B-85FF-2233CCABEAFA}.Debug|x86.Build.0 = Debug|Any CPU
		{780FEEF9-AE69-4C0B-85FF-2233CCABEAFA}.Release|Any CPU.ActiveCfg = Release|Any CPU
		{780FEEF9-AE69-4C0B-85FF-2233CCABEAFA}.Release|Any CPU.Build.0 = Release|Any CPU
		{780FEEF9-AE69-4C0B-85FF-2233CCABEAFA}.Release|ARM.ActiveCfg = Release|Any CPU
		{780FEEF9-AE69-4C0B-85FF-2233CCABEAFA}.Release|ARM.Build.0 = Release|Any CPU
		{780FEEF9-AE69-4C0B-85FF-2233CCABEAFA}.Release|iPhone.ActiveCfg = Release|Any CPU
		{780FEEF9-AE69-4C0B-85FF-2233CCABEAFA}.Release|iPhone.Build.0 = Release|Any CPU
		{780FEEF9-AE69-4C0B-85FF-2233CCABEAFA}.Release|iPhoneSimulator.ActiveCfg = Release|Any CPU
		{780FEEF9-AE69-4C0B-85FF-2233CCABEAFA}.Release|iPhoneSimulator.Build.0 = Release|Any CPU
		{780FEEF9-AE69-4C0B-85FF-2233CCABEAFA}.Release|x64.ActiveCfg = Release|Any CPU
		{780FEEF9-AE69-4C0B-85FF-2233CCABEAFA}.Release|x64.Build.0 = Release|Any CPU
		{780FEEF9-AE69-4C0B-85FF-2233CCABEAFA}.Release|x86.ActiveCfg = Release|Any CPU
		{780FEEF9-AE69-4C0B-85FF-2233CCABEAFA}.Release|x86.Build.0 = Release|Any CPU
		{899B88B8-3863-4CAA-AD61-54A1C04C3037}.Ad-Hoc|Any CPU.ActiveCfg = Release|x86
		{899B88B8-3863-4CAA-AD61-54A1C04C3037}.Ad-Hoc|Any CPU.Build.0 = Release|x86
		{899B88B8-3863-4CAA-AD61-54A1C04C3037}.Ad-Hoc|Any CPU.Deploy.0 = Release|x86
		{899B88B8-3863-4CAA-AD61-54A1C04C3037}.Ad-Hoc|ARM.ActiveCfg = Release|ARM
		{899B88B8-3863-4CAA-AD61-54A1C04C3037}.Ad-Hoc|ARM.Build.0 = Release|ARM
		{899B88B8-3863-4CAA-AD61-54A1C04C3037}.Ad-Hoc|ARM.Deploy.0 = Release|ARM
		{899B88B8-3863-4CAA-AD61-54A1C04C3037}.Ad-Hoc|iPhone.ActiveCfg = Release|x86
		{899B88B8-3863-4CAA-AD61-54A1C04C3037}.Ad-Hoc|iPhone.Build.0 = Release|x86
		{899B88B8-3863-4CAA-AD61-54A1C04C3037}.Ad-Hoc|iPhone.Deploy.0 = Release|x86
		{899B88B8-3863-4CAA-AD61-54A1C04C3037}.Ad-Hoc|iPhoneSimulator.ActiveCfg = Release|x86
		{899B88B8-3863-4CAA-AD61-54A1C04C3037}.Ad-Hoc|iPhoneSimulator.Build.0 = Release|x86
		{899B88B8-3863-4CAA-AD61-54A1C04C3037}.Ad-Hoc|iPhoneSimulator.Deploy.0 = Release|x86
		{899B88B8-3863-4CAA-AD61-54A1C04C3037}.Ad-Hoc|x64.ActiveCfg = Release|x64
		{899B88B8-3863-4CAA-AD61-54A1C04C3037}.Ad-Hoc|x64.Build.0 = Release|x64
		{899B88B8-3863-4CAA-AD61-54A1C04C3037}.Ad-Hoc|x64.Deploy.0 = Release|x64
		{899B88B8-3863-4CAA-AD61-54A1C04C3037}.Ad-Hoc|x86.ActiveCfg = Release|x86
		{899B88B8-3863-4CAA-AD61-54A1C04C3037}.Ad-Hoc|x86.Build.0 = Release|x86
		{899B88B8-3863-4CAA-AD61-54A1C04C3037}.Ad-Hoc|x86.Deploy.0 = Release|x86
		{899B88B8-3863-4CAA-AD61-54A1C04C3037}.AppStore|Any CPU.ActiveCfg = Release|x86
		{899B88B8-3863-4CAA-AD61-54A1C04C3037}.AppStore|Any CPU.Build.0 = Release|x86
		{899B88B8-3863-4CAA-AD61-54A1C04C3037}.AppStore|Any CPU.Deploy.0 = Release|x86
		{899B88B8-3863-4CAA-AD61-54A1C04C3037}.AppStore|ARM.ActiveCfg = Release|ARM
		{899B88B8-3863-4CAA-AD61-54A1C04C3037}.AppStore|ARM.Build.0 = Release|ARM
		{899B88B8-3863-4CAA-AD61-54A1C04C3037}.AppStore|ARM.Deploy.0 = Release|ARM
		{899B88B8-3863-4CAA-AD61-54A1C04C3037}.AppStore|iPhone.ActiveCfg = Release|x86
		{899B88B8-3863-4CAA-AD61-54A1C04C3037}.AppStore|iPhone.Build.0 = Release|x86
		{899B88B8-3863-4CAA-AD61-54A1C04C3037}.AppStore|iPhone.Deploy.0 = Release|x86
		{899B88B8-3863-4CAA-AD61-54A1C04C3037}.AppStore|iPhoneSimulator.ActiveCfg = Release|x86
		{899B88B8-3863-4CAA-AD61-54A1C04C3037}.AppStore|iPhoneSimulator.Build.0 = Release|x86
		{899B88B8-3863-4CAA-AD61-54A1C04C3037}.AppStore|iPhoneSimulator.Deploy.0 = Release|x86
		{899B88B8-3863-4CAA-AD61-54A1C04C3037}.AppStore|x64.ActiveCfg = Release|x64
		{899B88B8-3863-4CAA-AD61-54A1C04C3037}.AppStore|x64.Build.0 = Release|x64
		{899B88B8-3863-4CAA-AD61-54A1C04C3037}.AppStore|x64.Deploy.0 = Release|x64
		{899B88B8-3863-4CAA-AD61-54A1C04C3037}.AppStore|x86.ActiveCfg = Release|x86
		{899B88B8-3863-4CAA-AD61-54A1C04C3037}.AppStore|x86.Build.0 = Release|x86
		{899B88B8-3863-4CAA-AD61-54A1C04C3037}.AppStore|x86.Deploy.0 = Release|x86
		{899B88B8-3863-4CAA-AD61-54A1C04C3037}.Debug|Any CPU.ActiveCfg = Debug|x86
		{899B88B8-3863-4CAA-AD61-54A1C04C3037}.Debug|ARM.ActiveCfg = Debug|ARM
		{899B88B8-3863-4CAA-AD61-54A1C04C3037}.Debug|ARM.Build.0 = Debug|ARM
		{899B88B8-3863-4CAA-AD61-54A1C04C3037}.Debug|ARM.Deploy.0 = Debug|ARM
		{899B88B8-3863-4CAA-AD61-54A1C04C3037}.Debug|iPhone.ActiveCfg = Debug|x86
		{899B88B8-3863-4CAA-AD61-54A1C04C3037}.Debug|iPhoneSimulator.ActiveCfg = Debug|x86
		{899B88B8-3863-4CAA-AD61-54A1C04C3037}.Debug|x64.ActiveCfg = Debug|x64
		{899B88B8-3863-4CAA-AD61-54A1C04C3037}.Debug|x64.Build.0 = Debug|x64
		{899B88B8-3863-4CAA-AD61-54A1C04C3037}.Debug|x64.Deploy.0 = Debug|x64
		{899B88B8-3863-4CAA-AD61-54A1C04C3037}.Debug|x86.ActiveCfg = Debug|x86
		{899B88B8-3863-4CAA-AD61-54A1C04C3037}.Debug|x86.Build.0 = Debug|x86
		{899B88B8-3863-4CAA-AD61-54A1C04C3037}.Debug|x86.Deploy.0 = Debug|x86
		{899B88B8-3863-4CAA-AD61-54A1C04C3037}.Release|Any CPU.ActiveCfg = Release|x86
		{899B88B8-3863-4CAA-AD61-54A1C04C3037}.Release|ARM.ActiveCfg = Release|ARM
		{899B88B8-3863-4CAA-AD61-54A1C04C3037}.Release|ARM.Build.0 = Release|ARM
		{899B88B8-3863-4CAA-AD61-54A1C04C3037}.Release|ARM.Deploy.0 = Release|ARM
		{899B88B8-3863-4CAA-AD61-54A1C04C3037}.Release|iPhone.ActiveCfg = Release|x86
		{899B88B8-3863-4CAA-AD61-54A1C04C3037}.Release|iPhoneSimulator.ActiveCfg = Release|x86
		{899B88B8-3863-4CAA-AD61-54A1C04C3037}.Release|x64.ActiveCfg = Release|x64
		{899B88B8-3863-4CAA-AD61-54A1C04C3037}.Release|x64.Build.0 = Release|x64
		{899B88B8-3863-4CAA-AD61-54A1C04C3037}.Release|x64.Deploy.0 = Release|x64
		{899B88B8-3863-4CAA-AD61-54A1C04C3037}.Release|x86.ActiveCfg = Release|x86
		{899B88B8-3863-4CAA-AD61-54A1C04C3037}.Release|x86.Build.0 = Release|x86
		{899B88B8-3863-4CAA-AD61-54A1C04C3037}.Release|x86.Deploy.0 = Release|x86
		{ED8FB063-98C7-47C2-8C3C-DF33A924DBB5}.Ad-Hoc|Any CPU.ActiveCfg = Ad-Hoc|iPhone
		{ED8FB063-98C7-47C2-8C3C-DF33A924DBB5}.Ad-Hoc|ARM.ActiveCfg = Ad-Hoc|iPhone
		{ED8FB063-98C7-47C2-8C3C-DF33A924DBB5}.Ad-Hoc|iPhone.ActiveCfg = Ad-Hoc|iPhone
		{ED8FB063-98C7-47C2-8C3C-DF33A924DBB5}.Ad-Hoc|iPhone.Build.0 = Ad-Hoc|iPhone
		{ED8FB063-98C7-47C2-8C3C-DF33A924DBB5}.Ad-Hoc|iPhoneSimulator.ActiveCfg = Ad-Hoc|iPhoneSimulator
		{ED8FB063-98C7-47C2-8C3C-DF33A924DBB5}.Ad-Hoc|iPhoneSimulator.Build.0 = Ad-Hoc|iPhoneSimulator
		{ED8FB063-98C7-47C2-8C3C-DF33A924DBB5}.Ad-Hoc|x64.ActiveCfg = Ad-Hoc|iPhone
		{ED8FB063-98C7-47C2-8C3C-DF33A924DBB5}.Ad-Hoc|x86.ActiveCfg = Ad-Hoc|iPhone
		{ED8FB063-98C7-47C2-8C3C-DF33A924DBB5}.AppStore|Any CPU.ActiveCfg = AppStore|iPhone
		{ED8FB063-98C7-47C2-8C3C-DF33A924DBB5}.AppStore|ARM.ActiveCfg = AppStore|iPhone
		{ED8FB063-98C7-47C2-8C3C-DF33A924DBB5}.AppStore|iPhone.ActiveCfg = AppStore|iPhone
		{ED8FB063-98C7-47C2-8C3C-DF33A924DBB5}.AppStore|iPhone.Build.0 = AppStore|iPhone
		{ED8FB063-98C7-47C2-8C3C-DF33A924DBB5}.AppStore|iPhoneSimulator.ActiveCfg = AppStore|iPhoneSimulator
		{ED8FB063-98C7-47C2-8C3C-DF33A924DBB5}.AppStore|iPhoneSimulator.Build.0 = AppStore|iPhoneSimulator
		{ED8FB063-98C7-47C2-8C3C-DF33A924DBB5}.AppStore|x64.ActiveCfg = AppStore|iPhone
		{ED8FB063-98C7-47C2-8C3C-DF33A924DBB5}.AppStore|x86.ActiveCfg = AppStore|iPhone
		{ED8FB063-98C7-47C2-8C3C-DF33A924DBB5}.Debug|Any CPU.ActiveCfg = Debug|iPhone
		{ED8FB063-98C7-47C2-8C3C-DF33A924DBB5}.Debug|ARM.ActiveCfg = Debug|iPhone
		{ED8FB063-98C7-47C2-8C3C-DF33A924DBB5}.Debug|iPhone.ActiveCfg = Debug|iPhone
		{ED8FB063-98C7-47C2-8C3C-DF33A924DBB5}.Debug|iPhone.Build.0 = Debug|iPhone
		{ED8FB063-98C7-47C2-8C3C-DF33A924DBB5}.Debug|iPhoneSimulator.ActiveCfg = Debug|iPhoneSimulator
		{ED8FB063-98C7-47C2-8C3C-DF33A924DBB5}.Debug|iPhoneSimulator.Build.0 = Debug|iPhoneSimulator
		{ED8FB063-98C7-47C2-8C3C-DF33A924DBB5}.Debug|x64.ActiveCfg = Debug|iPhone
		{ED8FB063-98C7-47C2-8C3C-DF33A924DBB5}.Debug|x86.ActiveCfg = Debug|iPhone
		{ED8FB063-98C7-47C2-8C3C-DF33A924DBB5}.Release|Any CPU.ActiveCfg = Release|iPhone
		{ED8FB063-98C7-47C2-8C3C-DF33A924DBB5}.Release|ARM.ActiveCfg = Release|iPhone
		{ED8FB063-98C7-47C2-8C3C-DF33A924DBB5}.Release|iPhone.ActiveCfg = Release|iPhone
		{ED8FB063-98C7-47C2-8C3C-DF33A924DBB5}.Release|iPhone.Build.0 = Release|iPhone
		{ED8FB063-98C7-47C2-8C3C-DF33A924DBB5}.Release|iPhoneSimulator.ActiveCfg = Release|iPhoneSimulator
		{ED8FB063-98C7-47C2-8C3C-DF33A924DBB5}.Release|iPhoneSimulator.Build.0 = Release|iPhoneSimulator
		{ED8FB063-98C7-47C2-8C3C-DF33A924DBB5}.Release|x64.ActiveCfg = Release|iPhone
		{ED8FB063-98C7-47C2-8C3C-DF33A924DBB5}.Release|x86.ActiveCfg = Release|iPhone
	EndGlobalSection
	GlobalSection(SolutionProperties) = preSolution
		HideSolutionNode = FALSE
	EndGlobalSection
	GlobalSection(ExtensibilityGlobals) = postSolution
		SolutionGuid = {2907042B-B3F9-4EAB-8297-915CDEF8C183}
	EndGlobalSection
EndGlobal
